
Microsoft Visual Studio Solution File, Format Version 12.00
# Visual Studio Version 17
VisualStudioVersion = 17.0.31912.275
MinimumVisualStudioVersion = 10.0.40219.1
Project("{FAE04EC0-301F-11D3-BF4B-00C04F79EFBC}") = "VShop.Web", "VShop.Web\VShop.Web.csproj", "{497992E0-9D0C-4A1A-B14F-7C7F0E316CA7}"
EndProject
Global
	GlobalSection(SolutionConfigurationPlatforms) = preSolution
		Debug|Any CPU = Debug|Any CPU
		Release|Any CPU = Release|Any CPU
	EndGlobalSection
	GlobalSection(ProjectConfigurationPlatforms) = postSolution
		{497992E0-9D0C-4A1A-B14F-7C7F0E316CA7}.Debug|Any CPU.ActiveCfg = Debug|Any CPU
		{497992E0-9D0C-4A1A-B14F-7C7F0E316CA7}.Debug|Any CPU.Build.0 = Debug|Any CPU
		{497992E0-9D0C-4A1A-B14F-7C7F0E316CA7}.Release|Any CPU.ActiveCfg = Release|Any CPU
		{497992E0-9D0C-4A1A-B14F-7C7F0E316CA7}.Release|Any CPU.Build.0 = Release|Any CPU
	EndGlobalSection
	GlobalSection(SolutionProperties) = preSolution
		HideSolutionNode = FALSE
	EndGlobalSection
	GlobalSection(ExtensibilityGlobals) = postSolution
		SolutionGuid = {4B98FD1F-7123-4189-BD22-DBB379C29A86}
	EndGlobalSection
EndGlobal
